
Microsoft Visual Studio Solution File, Format Version 12.00
# Visual Studio Version 17
VisualStudioVersion = 17.12.35514.174 d17.12
MinimumVisualStudioVersion = 10.0.40219.1
Project("{FAE04EC0-301F-11D3-BF4B-00C04F79EFBC}") = "MvcStok", "MvcStok\MvcStok.csproj", "{FCB89747-4F94-4661-96D8-A7175D5739CB}"
EndProject
Global
	GlobalSection(SolutionConfigurationPlatforms) = preSolution
		Debug|Any CPU = Debug|Any CPU
		Release|Any CPU = Release|Any CPU
	EndGlobalSection
	GlobalSection(ProjectConfigurationPlatforms) = postSolution
		{FCB89747-4F94-4661-96D8-A7175D5739CB}.Debug|Any CPU.ActiveCfg = Debug|Any CPU
		{FCB89747-4F94-4661-96D8-A7175D5739CB}.Debug|Any CPU.Build.0 = Debug|Any CPU
		{FCB89747-4F94-4661-96D8-A7175D5739CB}.Release|Any CPU.ActiveCfg = Release|Any CPU
		{FCB89747-4F94-4661-96D8-A7175D5739CB}.Release|Any CPU.Build.0 = Release|Any CPU
	EndGlobalSection
	GlobalSection(SolutionProperties) = preSolution
		HideSolutionNode = FALSE
	EndGlobalSection
EndGlobal
